Microsoft Visual Studio Solution File, Format Version 12.00
# Visual Studio Version 17
VisualStudioVersion = 17.5.2.0
MinimumVisualStudioVersion = 10.0.40219.1
Project("{FAE04EC0-301F-11D3-BF4B-00C04F79EFBC}") = "SysCondaWizard", "SysCondaWizard.csproj", "{732ED649-1A63-0E1F-8932-4AB2FA61977D}"
EndProject
Global
	GlobalSection(SolutionConfigurationPlatforms) = preSolution
		Debug|Any CPU = Debug|Any CPU
		Release|Any CPU = Release|Any CPU
	EndGlobalSection
	GlobalSection(ProjectConfigurationPlatforms) = postSolution
		{732ED649-1A63-0E1F-8932-4AB2FA61977D}.Debug|Any CPU.ActiveCfg = Debug|Any CPU
		{732ED649-1A63-0E1F-8932-4AB2FA61977D}.Debug|Any CPU.Build.0 = Debug|Any CPU
		{732ED649-1A63-0E1F-8932-4AB2FA61977D}.Release|Any CPU.ActiveCfg = Release|Any CPU
		{732ED649-1A63-0E1F-8932-4AB2FA61977D}.Release|Any CPU.Build.0 = Release|Any CPU
	EndGlobalSection
	GlobalSection(SolutionProperties) = preSolution
		HideSolutionNode = FALSE
	EndGlobalSection
	GlobalSection(ExtensibilityGlobals) = postSolution
		SolutionGuid = {D99FF980-BDBE-44DE-90F2-8D2A0D703D4B}
	EndGlobalSection
EndGlobal
